
Microsoft Visual Studio Solution File, Format Version 12.00
# Visual Studio Version 17
VisualStudioVersion = 17.7.34003.232
MinimumVisualStudioVersion = 10.0.40219.1
Project("{2150E333-8FDC-42A3-9474-1A3956D46DE8}") = "Microservices", "Microservices", "{C4D74C6C-64C0-4FC1-A202-378EE45C81B9}"
EndProject
Project("{FAE04EC0-301F-11D3-BF4B-00C04F79EFBC}") = "Product.Microservice", "Product.Microservice\Product.Microservice.csproj", "{45ACAC80-F9AD-4330-B7F6-B6792761823D}"
EndProject
Project("{FAE04EC0-301F-11D3-BF4B-00C04F79EFBC}") = "Customer.Microservice", "Customer.Microservice\Customer.Microservice.csproj", "{72D26F9A-2298-4946-9CB2-AF0C41A2D449}"
EndProject
Project("{FAE04EC0-301F-11D3-BF4B-00C04F79EFBC}") = "Gateway.Api", "Gateway.Api\Gateway.Api.csproj", "{2A543950-B64F-409C-91C3-1D4BF8D59780}"
EndProject
Global
	GlobalSection(SolutionConfigurationPlatforms) = preSolution
		Debug|Any CPU = Debug|Any CPU
		Release|Any CPU = Release|Any CPU
	EndGlobalSection
	GlobalSection(ProjectConfigurationPlatforms) = postSolution
		{45ACAC80-F9AD-4330-B7F6-B6792761823D}.Debug|Any CPU.ActiveCfg = Debug|Any CPU
		{45ACAC80-F9AD-4330-B7F6-B6792761823D}.Debug|Any CPU.Build.0 = Debug|Any CPU
		{45ACAC80-F9AD-4330-B7F6-B6792761823D}.Release|Any CPU.ActiveCfg = Release|Any CPU
		{45ACAC80-F9AD-4330-B7F6-B6792761823D}.Release|Any CPU.Build.0 = Release|Any CPU
		{72D26F9A-2298-4946-9CB2-AF0C41A2D449}.Debug|Any CPU.ActiveCfg = Debug|Any CPU
		{72D26F9A-2298-4946-9CB2-AF0C41A2D449}.Debug|Any CPU.Build.0 = Debug|Any CPU
		{72D26F9A-2298-4946-9CB2-AF0C41A2D449}.Release|Any CPU.ActiveCfg = Release|Any CPU
		{72D26F9A-2298-4946-9CB2-AF0C41A2D449}.Release|Any CPU.Build.0 = Release|Any CPU
		{2A543950-B64F-409C-91C3-1D4BF8D59780}.Debug|Any CPU.ActiveCfg = Debug|Any CPU
		{2A543950-B64F-409C-91C3-1D4BF8D59780}.Debug|Any CPU.Build.0 = Debug|Any CPU
		{2A543950-B64F-409C-91C3-1D4BF8D59780}.Release|Any CPU.ActiveCfg = Release|Any CPU
		{2A543950-B64F-409C-91C3-1D4BF8D59780}.Release|Any CPU.Build.0 = Release|Any CPU
	EndGlobalSection
	GlobalSection(SolutionProperties) = preSolution
		HideSolutionNode = FALSE
	EndGlobalSection
	GlobalSection(NestedProjects) = preSolution
		{45ACAC80-F9AD-4330-B7F6-B6792761823D} = {C4D74C6C-64C0-4FC1-A202-378EE45C81B9}
		{72D26F9A-2298-4946-9CB2-AF0C41A2D449} = {C4D74C6C-64C0-4FC1-A202-378EE45C81B9}
	EndGlobalSection
	GlobalSection(ExtensibilityGlobals) = postSolution
		SolutionGuid = {68CB472D-73ED-46E9-ACB3-B89AFC69FFAE}
	EndGlobalSection
EndGlobal
